
Microsoft Visual Studio Solution File, Format Version 12.00
# Visual Studio Version 17
VisualStudioVersion = 17.8.34511.84
MinimumVisualStudioVersion = 10.0.40219.1
Project("{FAE04EC0-301F-11D3-BF4B-00C04F79EFBC}") = "JenkinsFreeStyleDemo", "JenkinsFreeStyleDemo\JenkinsFreeStyleDemo.csproj", "{21CBCA50-F317-4A1C-B7E0-EF4E0D75431D}"
EndProject
Global
	GlobalSection(SolutionConfigurationPlatforms) = preSolution
		Debug|Any CPU = Debug|Any CPU
		Release|Any CPU = Release|Any CPU
	EndGlobalSection
	GlobalSection(ProjectConfigurationPlatforms) = postSolution
		{21CBCA50-F317-4A1C-B7E0-EF4E0D75431D}.Debug|Any CPU.ActiveCfg = Debug|Any CPU
		{21CBCA50-F317-4A1C-B7E0-EF4E0D75431D}.Debug|Any CPU.Build.0 = Debug|Any CPU
		{21CBCA50-F317-4A1C-B7E0-EF4E0D75431D}.Release|Any CPU.ActiveCfg = Release|Any CPU
		{21CBCA50-F317-4A1C-B7E0-EF4E0D75431D}.Release|Any CPU.Build.0 = Release|Any CPU
	EndGlobalSection
	GlobalSection(SolutionProperties) = preSolution
		HideSolutionNode = FALSE
	EndGlobalSection
	GlobalSection(ExtensibilityGlobals) = postSolution
		SolutionGuid = {E8503BA6-5050-4838-886A-593C6E35771A}
	EndGlobalSection
EndGlobal
